# THIS IS AN AUTOGENERATED FILE. DO NOT EDIT THIS FILE DIRECTLY.
# yarn lockfile v1


turbo-darwin-64@1.13.4:
  version "1.13.4"
  resolved "https://registry.yarnpkg.com/turbo-darwin-64/-/turbo-darwin-64-1.13.4.tgz#1dcea4ea0351fa38246ec26a101c862e02c27c17"
  integrity sha512-A0eKd73R7CGnRinTiS7txkMElg+R5rKFp9HV7baDiEL4xTG1FIg/56Vm7A5RVgg8UNgG2qNnrfatJtb+dRmNdw==

turbo-darwin-arm64@1.13.4:
  version "1.13.4"
  resolved "https://registry.yarnpkg.com/turbo-darwin-arm64/-/turbo-darwin-arm64-1.13.4.tgz#ed95dc05cb04f58fec8053034647140eed58bff5"
  integrity sha512-eG769Q0NF6/Vyjsr3mKCnkG/eW6dKMBZk6dxWOdrHfrg6QgfkBUk0WUUujzdtVPiUIvsh4l46vQrNVd9EOtbyA==

turbo-linux-64@1.13.4:
  version "1.13.4"
  resolved "https://registry.yarnpkg.com/turbo-linux-64/-/turbo-linux-64-1.13.4.tgz#6856fc0543894aac547021b5a2bad8f7c936d7e7"
  integrity sha512-Bq0JphDeNw3XEi+Xb/e4xoKhs1DHN7OoLVUbTIQz+gazYjigVZvtwCvgrZI7eW9Xo1eOXM2zw2u1DGLLUfmGkQ==

turbo-linux-arm64@1.13.4:
  version "1.13.4"
  resolved "https://registry.yarnpkg.com/turbo-linux-arm64/-/turbo-linux-arm64-1.13.4.tgz#2370b20311d2c86df64a3811a9309ab33c722a8d"
  integrity sha512-BJcXw1DDiHO/okYbaNdcWN6szjXyHWx9d460v6fCHY65G8CyqGU3y2uUTPK89o8lq/b2C8NK0yZD+Vp0f9VoIg==

turbo-windows-64@1.13.4:
  version "1.13.4"
  resolved "https://registry.yarnpkg.com/turbo-windows-64/-/turbo-windows-64-1.13.4.tgz#e9f54d3837e9bd23d4b805c583f2473bcba5be68"
  integrity sha512-OFFhXHOFLN7A78vD/dlVuuSSVEB3s9ZBj18Tm1hk3aW1HTWTuAw0ReN6ZNlVObZUHvGy8d57OAGGxf2bT3etQw==

turbo-windows-arm64@1.13.4:
  version "1.13.4"
  resolved "https://registry.yarnpkg.com/turbo-windows-arm64/-/turbo-windows-arm64-1.13.4.tgz#0adfddb0d6c167a46ecff646666e347a7d372d76"
  integrity sha512-u5A+VOKHswJJmJ8o8rcilBfU5U3Y1TTAfP9wX8bFh8teYF1ghP0EhtMRLjhtp6RPa+XCxHHVA2CiC3gbh5eg5g==

turbo@^1.12.0:
  version "1.13.4"
  resolved "https://registry.yarnpkg.com/turbo/-/turbo-1.13.4.tgz#06767fff53f0aae43f78e12e5ac7d5e7652d40d0"
  integrity sha512-1q7+9UJABuBAHrcC4Sxp5lOqYS5mvxRrwa33wpIyM18hlOCpRD/fTJNxZ0vhbMcJmz15o9kkVm743mPn7p6jpQ==
  optionalDependencies:
    turbo-darwin-64 "1.13.4"
    turbo-darwin-arm64 "1.13.4"
    turbo-linux-64 "1.13.4"
    turbo-linux-arm64 "1.13.4"
    turbo-windows-64 "1.13.4"
    turbo-windows-arm64 "1.13.4"
